
Microsoft Visual Studio Solution File, Format Version 11.00
# Visual Studio 2010
Project("{FAE04EC0-301F-11D3-BF4B-00C04F79EFBC}") = "Assembly-CSharp", "Assembly-CSharp.csproj", "{DC3BCF9F-C886-59B7-0443-73E7D33E00F3}"
EndProject
Project("{FAE04EC0-301F-11D3-BF4B-00C04F79EFBC}") = "Assembly-CSharp-firstpass", "Assembly-CSharp-firstpass.csproj", "{5D8578A3-5D41-B0D5-D18E-DA5E39440F12}"
EndProject
Project("{FAE04EC0-301F-11D3-BF4B-00C04F79EFBC}") = "Assembly-CSharp-Editor", "Assembly-CSharp-Editor.csproj", "{11E41246-822B-9F6B-DF1A-0AD09F65E8D9}"
EndProject
Global
	GlobalSection(SolutionConfigurationPlatforms) = preSolution
		Debug|Any CPU = Debug|Any CPU
		Release|Any CPU = Release|Any CPU
	EndGlobalSection
	GlobalSection(ProjectConfigurationPlatforms) = postSolution
		{DC3BCF9F-C886-59B7-0443-73E7D33E00F3}.Debug|Any CPU.ActiveCfg = Debug|Any CPU
		{DC3BCF9F-C886-59B7-0443-73E7D33E00F3}.Debug|Any CPU.Build.0 = Debug|Any CPU
		{DC3BCF9F-C886-59B7-0443-73E7D33E00F3}.Release|Any CPU.ActiveCfg = Release|Any CPU
		{DC3BCF9F-C886-59B7-0443-73E7D33E00F3}.Release|Any CPU.Build.0 = Release|Any CPU
		{5D8578A3-5D41-B0D5-D18E-DA5E39440F12}.Debug|Any CPU.ActiveCfg = Debug|Any CPU
		{5D8578A3-5D41-B0D5-D18E-DA5E39440F12}.Debug|Any CPU.Build.0 = Debug|Any CPU
		{5D8578A3-5D41-B0D5-D18E-DA5E39440F12}.Release|Any CPU.ActiveCfg = Release|Any CPU
		{5D8578A3-5D41-B0D5-D18E-DA5E39440F12}.Release|Any CPU.Build.0 = Release|Any CPU
		{11E41246-822B-9F6B-DF1A-0AD09F65E8D9}.Debug|Any CPU.ActiveCfg = Debug|Any CPU
		{11E41246-822B-9F6B-DF1A-0AD09F65E8D9}.Debug|Any CPU.Build.0 = Debug|Any CPU
		{11E41246-822B-9F6B-DF1A-0AD09F65E8D9}.Release|Any CPU.ActiveCfg = Release|Any CPU
		{11E41246-822B-9F6B-DF1A-0AD09F65E8D9}.Release|Any CPU.Build.0 = Release|Any CPU
	EndGlobalSection
	GlobalSection(SolutionProperties) = preSolution
		HideSolutionNode = FALSE
	EndGlobalSection
	GlobalSection(MonoDevelopProperties) = preSolution
		StartupItem = Assembly-CSharp.csproj
	EndGlobalSection
EndGlobal
